
Microsoft Visual Studio Solution File, Format Version 12.00
# Visual Studio 15
VisualStudioVersion = 15.0.27130.2036
MinimumVisualStudioVersion = 10.0.40219.1
Project("{FAE04EC0-301F-11D3-BF4B-00C04F79EFBC}") = "ED-Router.UI.Desktop", "ED-Router.UI.Desktop\ED-Router.UI.Desktop.csproj", "{F120B7B2-5FE9-424F-A5F6-9C0119C5B423}"
EndProject
Project("{FAE04EC0-301F-11D3-BF4B-00C04F79EFBC}") = "ED-Router", "ED-Router\ED-Router.csproj", "{160C10D6-F300-4766-8120-58F0BC4C427A}"
EndProject
Project("{FAE04EC0-301F-11D3-BF4B-00C04F79EFBC}") = "libspanch", "libspanch\libspanch.csproj", "{9D0FB9D4-345D-4874-B469-F5CAEC09AE91}"
EndProject
Project("{FAE04EC0-301F-11D3-BF4B-00C04F79EFBC}") = "ED-Router.VoiceAttack", "ED-Router.VoiceAttack\ED-Router.VoiceAttack.csproj", "{40837FAD-1A6B-4B2D-B5E0-6D1087EA2ADC}"
	ProjectSection(ProjectDependencies) = postProject
		{F120B7B2-5FE9-424F-A5F6-9C0119C5B423} = {F120B7B2-5FE9-424F-A5F6-9C0119C5B423}
	EndProjectSection
EndProject
Project("{FAE04EC0-301F-11D3-BF4B-00C04F79EFBC}") = "ConsoleTestApp", "ConsoleTestApp\ConsoleTestApp.csproj", "{1B0953DC-3CE0-4982-91C2-0F59635FFA61}"
EndProject
Project("{2150E333-8FDC-42A3-9474-1A3956D46DE8}") = "Solution Items", "Solution Items", "{CCE3E7A9-1F5D-47A2-9225-15A748D79231}"
	ProjectSection(SolutionItems) = preProject
		Readme.md = Readme.md
	EndProjectSection
EndProject
Global
	GlobalSection(SolutionConfigurationPlatforms) = preSolution
		Debug|Any CPU = Debug|Any CPU
		Release|Any CPU = Release|Any CPU
	EndGlobalSection
	GlobalSection(ProjectConfigurationPlatforms) = postSolution
		{F120B7B2-5FE9-424F-A5F6-9C0119C5B423}.Debug|Any CPU.ActiveCfg = Debug|Any CPU
		{F120B7B2-5FE9-424F-A5F6-9C0119C5B423}.Debug|Any CPU.Build.0 = Debug|Any CPU
		{F120B7B2-5FE9-424F-A5F6-9C0119C5B423}.Release|Any CPU.ActiveCfg = Release|Any CPU
		{F120B7B2-5FE9-424F-A5F6-9C0119C5B423}.Release|Any CPU.Build.0 = Release|Any CPU
		{160C10D6-F300-4766-8120-58F0BC4C427A}.Debug|Any CPU.ActiveCfg = Debug|Any CPU
		{160C10D6-F300-4766-8120-58F0BC4C427A}.Debug|Any CPU.Build.0 = Debug|Any CPU
		{160C10D6-F300-4766-8120-58F0BC4C427A}.Release|Any CPU.ActiveCfg = Release|Any CPU
		{160C10D6-F300-4766-8120-58F0BC4C427A}.Release|Any CPU.Build.0 = Release|Any CPU
		{9D0FB9D4-345D-4874-B469-F5CAEC09AE91}.Debug|Any CPU.ActiveCfg = Debug|Any CPU
		{9D0FB9D4-345D-4874-B469-F5CAEC09AE91}.Debug|Any CPU.Build.0 = Debug|Any CPU
		{9D0FB9D4-345D-4874-B469-F5CAEC09AE91}.Release|Any CPU.ActiveCfg = Release|Any CPU
		{9D0FB9D4-345D-4874-B469-F5CAEC09AE91}.Release|Any CPU.Build.0 = Release|Any CPU
		{40837FAD-1A6B-4B2D-B5E0-6D1087EA2ADC}.Debug|Any CPU.ActiveCfg = Debug|Any CPU
		{40837FAD-1A6B-4B2D-B5E0-6D1087EA2ADC}.Debug|Any CPU.Build.0 = Debug|Any CPU
		{40837FAD-1A6B-4B2D-B5E0-6D1087EA2ADC}.Release|Any CPU.ActiveCfg = Release|Any CPU
		{40837FAD-1A6B-4B2D-B5E0-6D1087EA2ADC}.Release|Any CPU.Build.0 = Release|Any CPU
		{1B0953DC-3CE0-4982-91C2-0F59635FFA61}.Debug|Any CPU.ActiveCfg = Debug|Any CPU
		{1B0953DC-3CE0-4982-91C2-0F59635FFA61}.Debug|Any CPU.Build.0 = Debug|Any CPU
		{1B0953DC-3CE0-4982-91C2-0F59635FFA61}.Release|Any CPU.ActiveCfg = Release|Any CPU
		{1B0953DC-3CE0-4982-91C2-0F59635FFA61}.Release|Any CPU.Build.0 = Release|Any CPU
	EndGlobalSection
	GlobalSection(SolutionProperties) = preSolution
		HideSolutionNode = FALSE
	EndGlobalSection
	GlobalSection(ExtensibilityGlobals) = postSolution
		SolutionGuid = {F5D42F9F-E584-478D-9DA9-761F68AFF419}
	EndGlobalSection
EndGlobal
